{
  "name": "testproject1",
  "version": "0.0.0",
  "lockfileVersion": 1,
  "requires": true,
  "packages": {
    "": {
      "name": "testproject1",
      "version": "0.0.0",
      "dependencies": {
        "@tarekraafat/autocomplete.js": "^10.2.6",
        "comma-separated-values": "^3.6.4",
        "papaparse": "^5.3.1"
      }
    },
    "node_modules/@tarekraafat/autocomplete.js": {
      "version": "10.2.6",
      "resolved": "https://registry.npmjs.org/@tarekraafat/autocomplete.js/-/autocomplete.js-10.2.6.tgz",
      "integrity": "sha512-M3awL75YTQVHev4XlWGRKJalwVG3MGgtNnbRdtNipcyMcAV1sfkireBM8BKL/vhFhrus+6/5KZfj/DJDu8X0mg==",
      "funding": [
        {
          "type": "opencollective",
          "url": "https://opencollective.com/autocompletejs"
        },
        {
          "type": "liberapay",
          "url": "https://liberapay.com/TarekRaafat"
        },
        {
          "type": "patreon",
          "url": "https://patreon.com/TarekRaafat"
        }
      ]
    },
    "node_modules/comma-separated-values": {
      "version": "3.6.4",
      "resolved": "https://registry.npmjs.org/comma-separated-values/-/comma-separated-values-3.6.4.tgz",
      "integrity": "sha1-wwnscCT3S3rhkiM3IFQkJhfjW9I="
    },
    "node_modules/papaparse": {
      "version": "5.3.1",
      "resolved": "https://registry.npmjs.org/papaparse/-/papaparse-5.3.1.tgz",
      "integrity": "sha512-Dbt2yjLJrCwH2sRqKFFJaN5XgIASO9YOFeFP8rIBRG2Ain8mqk5r1M6DkfvqEVozVcz3r3HaUGw253hA1nLIcA=="
    }
  },
  "dependencies": {
    "@tarekraafat/autocomplete.js": {
      "version": "10.2.6",
      "resolved": "https://registry.npmjs.org/@tarekraafat/autocomplete.js/-/autocomplete.js-10.2.6.tgz",
      "integrity": "sha512-M3awL75YTQVHev4XlWGRKJalwVG3MGgtNnbRdtNipcyMcAV1sfkireBM8BKL/vhFhrus+6/5KZfj/DJDu8X0mg=="
    },
    "comma-separated-values": {
      "version": "3.6.4",
      "resolved": "https://registry.npmjs.org/comma-separated-values/-/comma-separated-values-3.6.4.tgz",
      "integrity": "sha1-wwnscCT3S3rhkiM3IFQkJhfjW9I="
    },
    "papaparse": {
      "version": "5.3.1",
      "resolved": "https://registry.npmjs.org/papaparse/-/papaparse-5.3.1.tgz",
      "integrity": "sha512-Dbt2yjLJrCwH2sRqKFFJaN5XgIASO9YOFeFP8rIBRG2Ain8mqk5r1M6DkfvqEVozVcz3r3HaUGw253hA1nLIcA=="
    }
  }
}
